
Microsoft Visual Studio Solution File, Format Version 12.00
# Visual Studio Version 17
VisualStudioVersion = 17.13.35931.197 d17.13
MinimumVisualStudioVersion = 10.0.40219.1
Project("{FAE04EC0-301F-11D3-BF4B-00C04F79EFBC}") = "APICrudEspecifica", "APICrudEspecifica\APICrudEspecifica.csproj", "{E9164881-73AB-46C9-AAFB-59AC82D38D4E}"
EndProject
Global
	GlobalSection(SolutionConfigurationPlatforms) = preSolution
		Debug|Any CPU = Debug|Any CPU
		Release|Any CPU = Release|Any CPU
	EndGlobalSection
	GlobalSection(ProjectConfigurationPlatforms) = postSolution
		{E9164881-73AB-46C9-AAFB-59AC82D38D4E}.Debug|Any CPU.ActiveCfg = Debug|Any CPU
		{E9164881-73AB-46C9-AAFB-59AC82D38D4E}.Debug|Any CPU.Build.0 = Debug|Any CPU
		{E9164881-73AB-46C9-AAFB-59AC82D38D4E}.Release|Any CPU.ActiveCfg = Release|Any CPU
		{E9164881-73AB-46C9-AAFB-59AC82D38D4E}.Release|Any CPU.Build.0 = Release|Any CPU
	EndGlobalSection
	GlobalSection(SolutionProperties) = preSolution
		HideSolutionNode = FALSE
	EndGlobalSection
	GlobalSection(ExtensibilityGlobals) = postSolution
		SolutionGuid = {5371DB96-225B-4F9B-A2E5-65AB9523A654}
	EndGlobalSection
EndGlobal
